
Microsoft Visual Studio Solution File, Format Version 12.00
# Visual Studio 2013
VisualStudioVersion = 12.0.31101.0
MinimumVisualStudioVersion = 10.0.40219.1
Project("{8BC9CEB8-8B4A-11D0-8D11-00A0C91BC942}") = "BadRobot", "BadRobot\BadRobot.vcxproj", "{0017F19C-D1A7-439E-A5A4-A7ABB9E60058}"
EndProject
Project("{8BC9CEB8-8B4A-11D0-8D11-00A0C91BC942}") = "Common", "Common\Common.vcxproj", "{B4F1B4DC-296B-444F-A370-9B76466C23D4}"
EndProject
Project("{8BC9CEB8-8B4A-11D0-8D11-00A0C91BC942}") = "Clover1", "Clover1\Clover1.vcxproj", "{255774B8-3740-4269-884F-BF82B59C4652}"
EndProject
Project("{8BC9CEB8-8B4A-11D0-8D11-00A0C91BC942}") = "Clover1Tester", "Clover1Tester\Clover1Tester.vcxproj", "{8E4841EE-5DCF-4316-9CBA-1CE415D7498D}"
EndProject
Global
	GlobalSection(SolutionConfigurationPlatforms) = preSolution
		Debug|Win32 = Debug|Win32
		Release|Win32 = Release|Win32
	EndGlobalSection
	GlobalSection(ProjectConfigurationPlatforms) = postSolution
		{0017F19C-D1A7-439E-A5A4-A7ABB9E60058}.Debug|Win32.ActiveCfg = Debug|Win32
		{0017F19C-D1A7-439E-A5A4-A7ABB9E60058}.Debug|Win32.Build.0 = Debug|Win32
		{0017F19C-D1A7-439E-A5A4-A7ABB9E60058}.Release|Win32.ActiveCfg = Release|Win32
		{0017F19C-D1A7-439E-A5A4-A7ABB9E60058}.Release|Win32.Build.0 = Release|Win32
		{B4F1B4DC-296B-444F-A370-9B76466C23D4}.Debug|Win32.ActiveCfg = Debug|Win32
		{B4F1B4DC-296B-444F-A370-9B76466C23D4}.Debug|Win32.Build.0 = Debug|Win32
		{B4F1B4DC-296B-444F-A370-9B76466C23D4}.Release|Win32.ActiveCfg = Release|Win32
		{B4F1B4DC-296B-444F-A370-9B76466C23D4}.Release|Win32.Build.0 = Release|Win32
		{255774B8-3740-4269-884F-BF82B59C4652}.Debug|Win32.ActiveCfg = Debug|Win32
		{255774B8-3740-4269-884F-BF82B59C4652}.Debug|Win32.Build.0 = Debug|Win32
		{255774B8-3740-4269-884F-BF82B59C4652}.Release|Win32.ActiveCfg = Release|Win32
		{255774B8-3740-4269-884F-BF82B59C4652}.Release|Win32.Build.0 = Release|Win32
		{8E4841EE-5DCF-4316-9CBA-1CE415D7498D}.Debug|Win32.ActiveCfg = Debug|Win32
		{8E4841EE-5DCF-4316-9CBA-1CE415D7498D}.Debug|Win32.Build.0 = Debug|Win32
		{8E4841EE-5DCF-4316-9CBA-1CE415D7498D}.Release|Win32.ActiveCfg = Release|Win32
		{8E4841EE-5DCF-4316-9CBA-1CE415D7498D}.Release|Win32.Build.0 = Release|Win32
	EndGlobalSection
	GlobalSection(SolutionProperties) = preSolution
		HideSolutionNode = FALSE
	EndGlobalSection
EndGlobal
